// !$*UTF8*$!
{
	archiveVersion = 1;
	classes = {
	};
	objectVersion = 50;
	objects = {

/* Begin PBXBuildFile section */
		7FFBAAC12510D94F00960812 /* AppDelegate.swift in Sources */ = {isa = PBXBuildFile; fileRef = 7FFBAAC02510D94F00960812 /* AppDelegate.swift */; };
		7FFBAAC32510D94F00960812 /* SceneDelegate.swift in Sources */ = {isa = PBXBuildFile; fileRef = 7FFBAAC22510D94F00960812 /* SceneDelegate.swift */; };
		7FFBAAC52510D94F00960812 /* ViewController.swift in Sources */ = {isa = PBXBuildFile; fileRef = 7FFBAAC42510D94F00960812 /* ViewController.swift */; };
		7FFBAAC82510D94F00960812 /* Main.storyboard in Resources */ = {isa = PBXBuildFile; fileRef = 7FFBAAC62510D94F00960812 /* Main.storyboard */; };
		7FFBAACB2510D94F00960812 /* AppleSignIn.xcdatamodeld in Sources */ = {isa = PBXBuildFile; fileRef = 7FFBAAC92510D94F00960812 /* AppleSignIn.xcdatamodeld */; };
		7FFBAACD2510D95300960812 /* Assets.xcassets in Resources */ = {isa = PBXBuildFile; fileRef = 7FFBAACC2510D95300960812 /* Assets.xcassets */; };
		7FFBAAD02510D95300960812 /* LaunchScreen.storyboard in Resources */ = {isa = PBXBuildFile; fileRef = 7FFBAACE2510D95300960812 /* LaunchScreen.storyboard */; };
		7FFBAAD92510EA4500960812 /* KeychainItem.swift in Sources */ = {isa = PBXBuildFile; fileRef = 7FFBAAD82510EA4500960812 /* KeychainItem.swift */; };
		7FFBAADB2510EB7C00960812 /* OnboardingController.swift in Sources */ = {isa = PBXBuildFile; fileRef = 7FFBAADA2510EB7C00960812 /* OnboardingController.swift */; };
/* End PBXBuildFile section */

/* Begin PBXFileReference section */
		7FFBAABD2510D94F00960812 /* AppleSignIn.app */ = {isa = PBXFileReference; explicitFileType = wrapper.application; includeInIndex = 0; path = AppleSignIn.app; sourceTree = BUILT_PRODUCTS_DIR; };
		7FFBAAC02510D94F00960812 /* AppDelegate.swift */ = {isa = PBXFileReference; lastKnownFileType = sourcecode.swift; path = AppDelegate.swift; sourceTree = "<group>"; };
		7FFBAAC22510D94F00960812 /* SceneDelegate.swift */ = {isa = PBXFileReference; lastKnownFileType = sourcecode.swift; path = SceneDelegate.swift; sourceTree = "<group>"; };
		7FFBAAC42510D94F00960812 /* ViewController.swift */ = {isa = PBXFileReference; lastKnownFileType = sourcecode.swift; path = ViewController.swift; sourceTree = "<group>"; };
		7FFBAAC72510D94F00960812 /* Base */ = {isa = PBXFileReference; lastKnownFileType = file.storyboard; name = Base; path = Base.lproj/Main.storyboard; sourceTree = "<group>"; };
		7FFBAACA2510D94F00960812 /* AppleSignIn.xcdatamodel */ = {isa = PBXFileReference; lastKnownFileType = wrapper.xcdatamodel; path = AppleSignIn.xcdatamodel; sourceTree = "<group>"; };
		7FFBAACC2510D95300960812 /* Assets.xcassets */ = {isa = PBXFileReference; lastKnownFileType = folder.assetcatalog; path = Assets.xcassets; sourceTree = "<group>"; };
		7FFBAACF2510D95300960812 /* Base */ = {isa = PBXFileReference; lastKnownFileType = file.storyboard; name = Base; path = Base.lproj/LaunchScreen.storyboard; sourceTree = "<group>"; };
		7FFBAAD12510D95300960812 /* Info.plist */ = {isa = PBXFileReference; lastKnownFileType = text.plist.xml; path = Info.plist; sourceTree = "<group>"; };
		7FFBAAD72510DB5A00960812 /* AppleSignIn.entitlements */ = {isa = PBXFileReference; lastKnownFileType = text.plist.entitlements; path = AppleSignIn.entitlements; sourceTree = "<group>"; };
		7FFBAAD82510EA4500960812 /* KeychainItem.swift */ = {isa = PBXFileReference; lastKnownFileType = sourcecode.swift; path = KeychainItem.swift; sourceTree = "<group>"; };
		7FFBAADA2510EB7C00960812 /* OnboardingController.swift */ = {isa = PBXFileReference; lastKnownFileType = sourcecode.swift; path = OnboardingController.swift; sourceTree = "<group>"; };
/* End PBXFileReference section */

/* Begin PBXFrameworksBuildPhase section */
		7FFBAABA2510D94F00960812 /* Frameworks */ = {
			isa = PBXFrameworksBuildPhase;
			buildActionMask = 2147483647;
			files = (
			);
			runOnlyForDeploymentPostprocessing = 0;
		};
/* End PBXFrameworksBuildPhase section */

/* Begin PBXGroup section */
		7FFBAAB42510D94F00960812 = {
			isa = PBXGroup;
			children = (
				7FFBAABF2510D94F00960812 /* AppleSignIn */,
				7FFBAABE2510D94F00960812 /* Products */,
			);
			sourceTree = "<group>";
		};
		7FFBAABE2510D94F00960812 /* Products */ = {
			isa = PBXGroup;
			children = (
				7FFBAABD2510D94F00960812 /* AppleSignIn.app */,
			);
			name = Products;
			sourceTree = "<group>";
		};
		7FFBAABF2510D94F00960812 /* AppleSignIn */ = {
			isa = PBXGroup;
			children = (
				7FFBAAD72510DB5A00960812 /* AppleSignIn.entitlements */,
				7FFBAAC02510D94F00960812 /* AppDelegate.swift */,
				7FFBAAC22510D94F00960812 /* SceneDelegate.swift */,
				7FFBAAC42510D94F00960812 /* ViewController.swift */,
				7FFBAADA2510EB7C00960812 /* OnboardingController.swift */,
				7FFBAAD82510EA4500960812 /* KeychainItem.swift */,
				7FFBAAC62510D94F00960812 /* Main.storyboard */,
				7FFBAACC2510D95300960812 /* Assets.xcassets */,
				7FFBAACE2510D95300960812 /* LaunchScreen.storyboard */,
				7FFBAAD12510D95300960812 /* Info.plist */,
				7FFBAAC92510D94F00960812 /* AppleSignIn.xcdatamodeld */,
			);
			path = AppleSignIn;
			sourceTree = "<group>";
		};
/* End PBXGroup section */

/* Begin PBXNativeTarget section */
		7FFBAABC2510D94F00960812 /* AppleSignIn */ = {
			isa = PBXNativeTarget;
			buildConfigurationList = 7FFBAAD42510D95300960812 /* Build configuration list for PBXNativeTarget "AppleSignIn" */;
			buildPhases = (
				7FFBAAB92510D94F00960812 /* Sources */,
				7FFBAABA2510D94F00960812 /* Frameworks */,
				7FFBAABB2510D94F00960812 /* Resources */,
			);
			buildRules = (
			);
			dependencies = (
			);
			name = AppleSignIn;
			productName = AppleSignIn;
			productReference = 7FFBAABD2510D94F00960812 /* AppleSignIn.app */;
			productType = "com.apple.product-type.application";
		};
/* End PBXNativeTarget section */

/* Begin PBXProject section */
		7FFBAAB52510D94F00960812 /* Project object */ = {
			isa = PBXProject;
			attributes = {
				LastSwiftUpdateCheck = 1170;
				LastUpgradeCheck = 1170;
				ORGANIZATIONNAME = "Inspirare Tech";
				TargetAttributes = {
					7FFBAABC2510D94F00960812 = {
						CreatedOnToolsVersion = 11.7;
					};
				};
			};
			buildConfigurationList = 7FFBAAB82510D94F00960812 /* Build configuration list for PBXProject "AppleSignIn" */;
			compatibilityVersion = "Xcode 9.3";
			developmentRegion = en;
			hasScannedForEncodings = 0;
			knownRegions = (
				en,
				Base,
			);
			mainGroup = 7FFBAAB42510D94F00960812;
			productRefGroup = 7FFBAABE2510D94F00960812 /* Products */;
			projectDirPath = "";
			projectRoot = "";
			targets = (
				7FFBAABC2510D94F00960812 /* AppleSignIn */,
			);
		};
/* End PBXProject section */

/* Begin PBXResourcesBuildPhase section */
		7FFBAABB2510D94F00960812 /* Resources */ = {
			isa = PBXResourcesBuildPhase;
			buildActionMask = 2147483647;
			files = (
				7FFBAAD02510D95300960812 /* LaunchScreen.storyboard in Resources */,
				7FFBAACD2510D95300960812 /* Assets.xcassets in Resources */,
				7FFBAAC82510D94F00960812 /* Main.storyboard in Resources */,
			);
			runOnlyForDeploymentPostprocessing = 0;
		};
/* End PBXResourcesBuildPhase section */

/* Begin PBXSourcesBuildPhase section */
		7FFBAAB92510D94F00960812 /* Sources */ = {
			isa = PBXSourcesBuildPhase;
			buildActionMask = 2147483647;
			files = (
				7FFBAAC52510D94F00960812 /* ViewController.swift in Sources */,
				7FFBAAC12510D94F00960812 /* AppDelegate.swift in Sources */,
				7FFBAADB2510EB7C00960812 /* OnboardingController.swift in Sources */,
				7FFBAAD92510EA4500960812 /* KeychainItem.swift in Sources */,
				7FFBAACB2510D94F00960812 /* AppleSignIn.xcdatamodeld in Sources */,
				7FFBAAC32510D94F00960812 /* SceneDelegate.swift in Sources */,
			);
			runOnlyForDeploymentPostprocessing = 0;
		};
/* End PBXSourcesBuildPhase section */

/* Begin PBXVariantGroup section */
		7FFBAAC62510D94F00960812 /* Main.storyboard */ = {
			isa = PBXVariantGroup;
			children = (
				7FFBAAC72510D94F00960812 /* Base */,
			);
			name = Main.storyboard;
			sourceTree = "<group>";
		};
		7FFBAACE2510D95300960812 /* LaunchScreen.storyboard */ = {
			isa = PBXVariantGroup;
			children = (
				7FFBAACF2510D95300960812 /* Base */,
			);
			name = LaunchScreen.storyboard;
			sourceTree = "<group>";
		};
/* End PBXVariantGroup section */

/* Begin XCBuildConfiguration section */
		7FFBAAD22510D95300960812 /* Debug */ = {
			isa = XCBuildConfiguration;
			buildSettings = {
				ALWAYS_SEARCH_USER_PATHS = NO;
				CLANG_ANALYZER_NONNULL = YES;
				CLANG_ANALYZER_NUMBER_OBJECT_CONVERSION = YES_AGGRESSIVE;
				CLANG_CXX_LANGUAGE_STANDARD = "gnu++14";
				CLANG_CXX_LIBRARY = "libc++";
				CLANG_ENABLE_MODULES = YES;
				CLANG_ENABLE_OBJC_ARC = YES;
				CLANG_ENABLE_OBJC_WEAK = YES;
				CLANG_WARN_BLOCK_CAPTURE_AUTORELEASING = YES;
				CLANG_WARN_BOOL_CONVERSION = YES;
				CLANG_WARN_COMMA = YES;
				CLANG_WARN_CONSTANT_CONVERSION = YES;
				CLANG_WARN_DEPRECATED_OBJC_IMPLEMENTATIONS = YES;
				CLANG_WARN_DIRECT_OBJC_ISA_USAGE = YES_ERROR;
				CLANG_WARN_DOCUMENTATION_COMMENTS = YES;
				CLANG_WARN_EMPTY_BODY = YES;
				CLANG_WARN_ENUM_CONVERSION = YES;
				CLANG_WARN_INFINITE_RECURSION = YES;
				CLANG_WARN_INT_CONVERSION = YES;
				CLANG_WARN_NON_LITERAL_NULL_CONVERSION = YES;
				CLANG_WARN_OBJC_IMPLICIT_RETAIN_SELF = YES;
				CLANG_WARN_OBJC_LITERAL_CONVERSION = YES;
				CLANG_WARN_OBJC_ROOT_CLASS = YES_ERROR;
				CLANG_WARN_RANGE_LOOP_ANALYSIS = YES;
				CLANG_WARN_STRICT_PROTOTYPES = YES;
				CLANG_WARN_SUSPICIOUS_MOVE = YES;
				CLANG_WARN_UNGUARDED_AVAILABILITY = YES_AGGRESSIVE;
				CLANG_WARN_UNREACHABLE_CODE = YES;
				CLANG_WARN__DUPLICATE_METHOD_MATCH = YES;
				COPY_PHASE_STRIP = NO;
				DEBUG_INFORMATION_FORMAT = dwarf;
				ENABLE_STRICT_OBJC_MSGSEND = YES;
				ENABLE_TESTABILITY = YES;
				GCC_C_LANGUAGE_STANDARD = gnu11;
				GCC_DYNAMIC_NO_PIC = NO;
				GCC_NO_COMMON_BLOCKS = YES;
				GCC_OPTIMIZATION_LEVEL = 0;
				GCC_PREPROCESSOR_DEFINITIONS = (
					"DEBUG=1",
					"$(inherited)",
				);
				GCC_WARN_64_TO_32_BIT_CONVERSION = YES;
				GCC_WARN_ABOUT_RETURN_TYPE = YES_ERROR;
				GCC_WARN_UNDECLARED_SELECTOR = YES;
				GCC_WARN_UNINITIALIZED_AUTOS = YES_AGGRESSIVE;
				GCC_WARN_UNUSED_FUNCTION = YES;
				GCC_WARN_UNUSED_VARIABLE = YES;
				IPHONEOS_DEPLOYMENT_TARGET = 13.7;
				MTL_ENABLE_DEBUG_INFO = INCLUDE_SOURCE;
				MTL_FAST_MATH = YES;
				ONLY_ACTIVE_ARCH = YES;
				SDKROOT = iphoneos;
				SWIFT_ACTIVE_COMPILATION_CONDITIONS = DEBUG;
				SWIFT_OPTIMIZATION_LEVEL = "-Onone";
			};
			name = Debug;
		};
		7FFBAAD32510D95300960812 /* Release */ = {
			isa = XCBuildConfiguration;
			buildSettings = {
				ALWAYS_SEARCH_USER_PATHS = NO;
				CLANG_ANALYZER_NONNULL = YES;
				CLANG_ANALYZER_NUMBER_OBJECT_CONVERSION = YES_AGGRESSIVE;
				CLANG_CXX_LANGUAGE_STANDARD = "gnu++14";
				CLANG_CXX_LIBRARY = "libc++";
				CLANG_ENABLE_MODULES = YES;
				CLANG_ENABLE_OBJC_ARC = YES;
				CLANG_ENABLE_OBJC_WEAK = YES;
				CLANG_WARN_BLOCK_CAPTURE_AUTORELEASING = YES;
				CLANG_WARN_BOOL_CONVERSION = YES;
				CLANG_WARN_COMMA = YES;
				CLANG_WARN_CONSTANT_CONVERSION = YES;
				CLANG_WARN_DEPRECATED_OBJC_IMPLEMENTATIONS = YES;
				CLANG_WARN_DIRECT_OBJC_ISA_USAGE = YES_ERROR;
				CLANG_WARN_DOCUMENTATION_COMMENTS = YES;
				CLANG_WARN_EMPTY_BODY = YES;
				CLANG_WARN_ENUM_CONVERSION = YES;
				CLANG_WARN_INFINITE_RECURSION = YES;
				CLANG_WARN_INT_CONVERSION = YES;
				CLANG_WARN_NON_LITERAL_NULL_CONVERSION = YES;
				CLANG_WARN_OBJC_IMPLICIT_RETAIN_SELF = YES;
				CLANG_WARN_OBJC_LITERAL_CONVERSION = YES;
				CLANG_WARN_OBJC_ROOT_CLASS = YES_ERROR;
				CLANG_WARN_RANGE_LOOP_ANALYSIS = YES;
				CLANG_WARN_STRICT_PROTOTYPES = YES;
				CLANG_WARN_SUSPICIOUS_MOVE = YES;
				CLANG_WARN_UNGUARDED_AVAILABILITY = YES_AGGRESSIVE;
				CLANG_WARN_UNREACHABLE_CODE = YES;
				CLANG_WARN__DUPLICATE_METHOD_MATCH = YES;
				COPY_PHASE_STRIP = NO;
				DEBUG_INFORMATION_FORMAT = "dwarf-with-dsym";
				ENABLE_NS_ASSERTIONS = NO;
				ENABLE_STRICT_OBJC_MSGSEND = YES;
				GCC_C_LANGUAGE_STANDARD = gnu11;
				GCC_NO_COMMON_BLOCKS = YES;
				GCC_WARN_64_TO_32_BIT_CONVERSION = YES;
				GCC_WARN_ABOUT_RETURN_TYPE = YES_ERROR;
				GCC_WARN_UNDECLARED_SELECTOR = YES;
				GCC_WARN_UNINITIALIZED_AUTOS = YES_AGGRESSIVE;
				GCC_WARN_UNUSED_FUNCTION = YES;
				GCC_WARN_UNUSED_VARIABLE = YES;
				IPHONEOS_DEPLOYMENT_TARGET = 13.7;
				MTL_ENABLE_DEBUG_INFO = NO;
				MTL_FAST_MATH = YES;
				SDKROOT = iphoneos;
				SWIFT_COMPILATION_MODE = wholemodule;
				SWIFT_OPTIMIZATION_LEVEL = "-O";
				VALIDATE_PRODUCT = YES;
			};
			name = Release;
		};
		7FFBAAD52510D95300960812 /* Debug */ = {
			isa = XCBuildConfiguration;
			buildSettings = {
				ASSETCATALOG_COMPILER_APPICON_NAME = AppIcon;
				CODE_SIGN_ENTITLEMENTS = AppleSignIn/AppleSignIn.entitlements;
				CODE_SIGN_STYLE = Automatic;
				DEVELOPMENT_TEAM = 7PY58KJ7Y2;
				INFOPLIST_FILE = AppleSignIn/Info.plist;
				LD_RUNPATH_SEARCH_PATHS = (
					"$(inherited)",
					"@executable_path/Frameworks",
				);
				PRODUCT_BUNDLE_IDENTIFIER = tech.inspirare.AppleSignIn;
				PRODUCT_NAME = "$(TARGET_NAME)";
				SWIFT_VERSION = 5.0;
				TARGETED_DEVICE_FAMILY = "1,2";
			};
			name = Debug;
		};
		7FFBAAD62510D95300960812 /* Release */ = {
			isa = XCBuildConfiguration;
			buildSettings = {
				ASSETCATALOG_COMPILER_APPICON_NAME = AppIcon;
				CODE_SIGN_ENTITLEMENTS = AppleSignIn/AppleSignIn.entitlements;
				CODE_SIGN_STYLE = Automatic;
				DEVELOPMENT_TEAM = 7PY58KJ7Y2;
				INFOPLIST_FILE = AppleSignIn/Info.plist;
				LD_RUNPATH_SEARCH_PATHS = (
					"$(inherited)",
					"@executable_path/Frameworks",
				);
				PRODUCT_BUNDLE_IDENTIFIER = tech.inspirare.AppleSignIn;
				PRODUCT_NAME = "$(TARGET_NAME)";
				SWIFT_VERSION = 5.0;
				TARGETED_DEVICE_FAMILY = "1,2";
			};
			name = Release;
		};
/* End XCBuildConfiguration section */

/* Begin XCConfigurationList section */
		7FFBAAB82510D94F00960812 /* Build configuration list for PBXProject "AppleSignIn" */ = {
			isa = XCConfigurationList;
			buildConfigurations = (
				7FFBAAD22510D95300960812 /* Debug */,
				7FFBAAD32510D95300960812 /* Release */,
			);
			defaultConfigurationIsVisible = 0;
			defaultConfigurationName = Release;
		};
		7FFBAAD42510D95300960812 /* Build configuration list for PBXNativeTarget "AppleSignIn" */ = {
			isa = XCConfigurationList;
			buildConfigurations = (
				7FFBAAD52510D95300960812 /* Debug */,
				7FFBAAD62510D95300960812 /* Release */,
			);
			defaultConfigurationIsVisible = 0;
			defaultConfigurationName = Release;
		};
/* End XCConfigurationList section */

/* Begin XCVersionGroup section */
		7FFBAAC92510D94F00960812 /* AppleSignIn.xcdatamodeld */ = {
			isa = XCVersionGroup;
			children = (
				7FFBAACA2510D94F00960812 /* AppleSignIn.xcdatamodel */,
			);
			currentVersion = 7FFBAACA2510D94F00960812 /* AppleSignIn.xcdatamodel */;
			path = AppleSignIn.xcdatamodeld;
			sourceTree = "<group>";
			versionGroupType = wrapper.xcdatamodel;
		};
/* End XCVersionGroup section */
	};
	rootObject = 7FFBAAB52510D94F00960812 /* Project object */;
}
